
Microsoft Visual Studio Solution File, Format Version 12.00
# Visual Studio Version 17
VisualStudioVersion = 17.0.31903.59
MinimumVisualStudioVersion = 10.0.40219.1
Project("{FAE04EC0-301F-11D3-BF4B-00C04F79EFBC}") = "Domain", "Domain\Domain.csproj", "{AEAEEF54-79F2-4EFA-87B5-8B0087BA29E5}"
EndProject
Project("{FAE04EC0-301F-11D3-BF4B-00C04F79EFBC}") = "Infrastructure", "Infrastructure\Infrastructure.csproj", "{CAF3B58F-5AE5-41C8-8353-09305C50F392}"
EndProject
Project("{FAE04EC0-301F-11D3-BF4B-00C04F79EFBC}") = "MainApp", "MainApp\MainApp.csproj", "{A4A768C2-3AA1-4377-BD2C-4425477E6AA6}"
EndProject
Global
	GlobalSection(SolutionConfigurationPlatforms) = preSolution
		Debug|Any CPU = Debug|Any CPU
		Release|Any CPU = Release|Any CPU
	EndGlobalSection
	GlobalSection(SolutionProperties) = preSolution
		HideSolutionNode = FALSE
	EndGlobalSection
	GlobalSection(ProjectConfigurationPlatforms) = postSolution
		{AEAEEF54-79F2-4EFA-87B5-8B0087BA29E5}.Debug|Any CPU.ActiveCfg = Debug|Any CPU
		{AEAEEF54-79F2-4EFA-87B5-8B0087BA29E5}.Debug|Any CPU.Build.0 = Debug|Any CPU
		{AEAEEF54-79F2-4EFA-87B5-8B0087BA29E5}.Release|Any CPU.ActiveCfg = Release|Any CPU
		{AEAEEF54-79F2-4EFA-87B5-8B0087BA29E5}.Release|Any CPU.Build.0 = Release|Any CPU
		{CAF3B58F-5AE5-41C8-8353-09305C50F392}.Debug|Any CPU.ActiveCfg = Debug|Any CPU
		{CAF3B58F-5AE5-41C8-8353-09305C50F392}.Debug|Any CPU.Build.0 = Debug|Any CPU
		{CAF3B58F-5AE5-41C8-8353-09305C50F392}.Release|Any CPU.ActiveCfg = Release|Any CPU
		{CAF3B58F-5AE5-41C8-8353-09305C50F392}.Release|Any CPU.Build.0 = Release|Any CPU
		{A4A768C2-3AA1-4377-BD2C-4425477E6AA6}.Debug|Any CPU.ActiveCfg = Debug|Any CPU
		{A4A768C2-3AA1-4377-BD2C-4425477E6AA6}.Debug|Any CPU.Build.0 = Debug|Any CPU
		{A4A768C2-3AA1-4377-BD2C-4425477E6AA6}.Release|Any CPU.ActiveCfg = Release|Any CPU
		{A4A768C2-3AA1-4377-BD2C-4425477E6AA6}.Release|Any CPU.Build.0 = Release|Any CPU
	EndGlobalSection
EndGlobal
